// !$*UTF8*$!
{
	archiveVersion = 1;
	classes = {
	};
	objectVersion = 50;
	objects = {

/* Begin PBXBuildFile section */
		9B293337237F2252009FF16D /* AppDelegate.swift in Sources */ = {isa = PBXBuildFile; fileRef = 9B293336237F2252009FF16D /* AppDelegate.swift */; };
		9B293339237F2252009FF16D /* SceneDelegate.swift in Sources */ = {isa = PBXBuildFile; fileRef = 9B293338237F2252009FF16D /* SceneDelegate.swift */; };
		9B29333B237F2252009FF16D /* ViewController.swift in Sources */ = {isa = PBXBuildFile; fileRef = 9B29333A237F2252009FF16D /* ViewController.swift */; };
		9B29333E237F2252009FF16D /* Main.storyboard in Resources */ = {isa = PBXBuildFile; fileRef = 9B29333C237F2252009FF16D /* Main.storyboard */; };
		9B293340237F2252009FF16D /* Assets.xcassets in Resources */ = {isa = PBXBuildFile; fileRef = 9B29333F237F2252009FF16D /* Assets.xcassets */; };
		9B293343237F2252009FF16D /* LaunchScreen.storyboard in Resources */ = {isa = PBXBuildFile; fileRef = 9B293341237F2252009FF16D /* LaunchScreen.storyboard */; };
/* End PBXBuildFile section */

/* Begin PBXFileReference section */
		9B293333237F2252009FF16D /* AmanGpa.app */ = {isa = PBXFileReference; explicitFileType = wrapper.application; includeInIndex = 0; path = AmanGpa.app; sourceTree = BUILT_PRODUCTS_DIR; };
		9B293336237F2252009FF16D /* AppDelegate.swift */ = {isa = PBXFileReference; lastKnownFileType = sourcecode.swift; path = AppDelegate.swift; sourceTree = "<group>"; };
		9B293338237F2252009FF16D /* SceneDelegate.swift */ = {isa = PBXFileReference; lastKnownFileType = sourcecode.swift; path = SceneDelegate.swift; sourceTree = "<group>"; };
		9B29333A237F2252009FF16D /* ViewController.swift */ = {isa = PBXFileReference; lastKnownFileType = sourcecode.swift; path = ViewController.swift; sourceTree = "<group>"; };
		9B29333D237F2252009FF16D /* Base */ = {isa = PBXFileReference; lastKnownFileType = file.storyboard; name = Base; path = Base.lproj/Main.storyboard; sourceTree = "<group>"; };
		9B29333F237F2252009FF16D /* Assets.xcassets */ = {isa = PBXFileReference; lastKnownFileType = folder.assetcatalog; path = Assets.xcassets; sourceTree = "<group>"; };
		9B293342237F2252009FF16D /* Base */ = {isa = PBXFileReference; lastKnownFileType = file.storyboard; name = Base; path = Base.lproj/LaunchScreen.storyboard; sourceTree = "<group>"; };
		9B293344237F2252009FF16D /* Info.plist */ = {isa = PBXFileReference; lastKnownFileType = text.plist.xml; path = Info.plist; sourceTree = "<group>"; };
/* End PBXFileReference section */

/* Begin PBXFrameworksBuildPhase section */
		9B293330237F2252009FF16D /* Frameworks */ = {
			isa = PBXFrameworksBuildPhase;
			buildActionMask = 2147483647;
			files = (
			);
			runOnlyForDeploymentPostprocessing = 0;
		};
/* End PBXFrameworksBuildPhase section */

/* Begin PBXGroup section */
		9B29332A237F2252009FF16D = {
			isa = PBXGroup;
			children = (
				9B293335237F2252009FF16D /* AmanGpa */,
				9B293334237F2252009FF16D /* Products */,
			);
			sourceTree = "<group>";
		};
		9B293334237F2252009FF16D /* Products */ = {
			isa = PBXGroup;
			children = (
				9B293333237F2252009FF16D /* AmanGpa.app */,
			);
			name = Products;
			sourceTree = "<group>";
		};
		9B293335237F2252009FF16D /* AmanGpa */ = {
			isa = PBXGroup;
			children = (
				9B293336237F2252009FF16D /* AppDelegate.swift */,
				9B293338237F2252009FF16D /* SceneDelegate.swift */,
				9B29333A237F2252009FF16D /* ViewController.swift */,
				9B29333C237F2252009FF16D /* Main.storyboard */,
				9B29333F237F2252009FF16D /* Assets.xcassets */,
				9B293341237F2252009FF16D /* LaunchScreen.storyboard */,
				9B293344237F2252009FF16D /* Info.plist */,
			);
			path = AmanGpa;
			sourceTree = "<group>";
		};
/* End PBXGroup section */

/* Begin PBXNativeTarget section */
		9B293332237F2252009FF16D /* AmanGpa */ = {
			isa = PBXNativeTarget;
			buildConfigurationList = 9B293347237F2252009FF16D /* Build configuration list for PBXNativeTarget "AmanGpa" */;
			buildPhases = (
				9B29332F237F2252009FF16D /* Sources */,
				9B293330237F2252009FF16D /* Frameworks */,
				9B293331237F2252009FF16D /* Resources */,
			);
			buildRules = (
			);
			dependencies = (
			);
			name = AmanGpa;
			productName = AmanGpa;
			productReference = 9B293333237F2252009FF16D /* AmanGpa.app */;
			productType = "com.apple.product-type.application";
		};
/* End PBXNativeTarget section */

/* Begin PBXProject section */
		9B29332B237F2252009FF16D /* Project object */ = {
			isa = PBXProject;
			attributes = {
				LastSwiftUpdateCheck = 1120;
				LastUpgradeCheck = 1120;
				ORGANIZATIONNAME = MacStudent;
				TargetAttributes = {
					9B293332237F2252009FF16D = {
						CreatedOnToolsVersion = 11.2;
					};
				};
			};
			buildConfigurationList = 9B29332E237F2252009FF16D /* Build configuration list for PBXProject "AmanGpa" */;
			compatibilityVersion = "Xcode 9.3";
			developmentRegion = en;
			hasScannedForEncodings = 0;
			knownRegions = (
				en,
				Base,
			);
			mainGroup = 9B29332A237F2252009FF16D;
			productRefGroup = 9B293334237F2252009FF16D /* Products */;
			projectDirPath = "";
			projectRoot = "";
			targets = (
				9B293332237F2252009FF16D /* AmanGpa */,
			);
		};
/* End PBXProject section */

/* Begin PBXResourcesBuildPhase section */
		9B293331237F2252009FF16D /* Resources */ = {
			isa = PBXResourcesBuildPhase;
			buildActionMask = 2147483647;
			files = (
				9B293343237F2252009FF16D /* LaunchScreen.storyboard in Resources */,
				9B293340237F2252009FF16D /* Assets.xcassets in Resources */,
				9B29333E237F2252009FF16D /* Main.storyboard in Resources */,
			);
			runOnlyForDeploymentPostprocessing = 0;
		};
/* End PBXResourcesBuildPhase section */

/* Begin PBXSourcesBuildPhase section */
		9B29332F237F2252009FF16D /* Sources */ = {
			isa = PBXSourcesBuildPhase;
			buildActionMask = 2147483647;
			files = (
				9B29333B237F2252009FF16D /* ViewController.swift in Sources */,
				9B293337237F2252009FF16D /* AppDelegate.swift in Sources */,
				9B293339237F2252009FF16D /* SceneDelegate.swift in Sources */,
			);
			runOnlyForDeploymentPostprocessing = 0;
		};
/* End PBXSourcesBuildPhase section */

/* Begin PBXVariantGroup section */
		9B29333C237F2252009FF16D /* Main.storyboard */ = {
			isa = PBXVariantGroup;
			children = (
				9B29333D237F2252009FF16D /* Base */,
			);
			name = Main.storyboard;
			sourceTree = "<group>";
		};
		9B293341237F2252009FF16D /* LaunchScreen.storyboard */ = {
			isa = PBXVariantGroup;
			children = (
				9B293342237F2252009FF16D /* Base */,
			);
			name = LaunchScreen.storyboard;
			sourceTree = "<group>";
		};
/* End PBXVariantGroup section */

/* Begin XCBuildConfiguration section */
		9B293345237F2252009FF16D /* Debug */ = {
			isa = XCBuildConfiguration;
			buildSettings = {
				ALWAYS_SEARCH_USER_PATHS = NO;
				CLANG_ANALYZER_NONNULL = YES;
				CLANG_ANALYZER_NUMBER_OBJECT_CONVERSION = YES_AGGRESSIVE;
				CLANG_CXX_LANGUAGE_STANDARD = "gnu++14";
				CLANG_CXX_LIBRARY = "libc++";
				CLANG_ENABLE_MODULES = YES;
				CLANG_ENABLE_OBJC_ARC = YES;
				CLANG_ENABLE_OBJC_WEAK = YES;
				CLANG_WARN_BLOCK_CAPTURE_AUTORELEASING = YES;
				CLANG_WARN_BOOL_CONVERSION = YES;
				CLANG_WARN_COMMA = YES;
				CLANG_WARN_CONSTANT_CONVERSION = YES;
				CLANG_WARN_DEPRECATED_OBJC_IMPLEMENTATIONS = YES;
				CLANG_WARN_DIRECT_OBJC_ISA_USAGE = YES_ERROR;
				CLANG_WARN_DOCUMENTATION_COMMENTS = YES;
				CLANG_WARN_EMPTY_BODY = YES;
				CLANG_WARN_ENUM_CONVERSION = YES;
				CLANG_WARN_INFINITE_RECURSION = YES;
				CLANG_WARN_INT_CONVERSION = YES;
				CLANG_WARN_NON_LITERAL_NULL_CONVERSION = YES;
				CLANG_WARN_OBJC_IMPLICIT_RETAIN_SELF = YES;
				CLANG_WARN_OBJC_LITERAL_CONVERSION = YES;
				CLANG_WARN_OBJC_ROOT_CLASS = YES_ERROR;
				CLANG_WARN_RANGE_LOOP_ANALYSIS = YES;
				CLANG_WARN_STRICT_PROTOTYPES = YES;
				CLANG_WARN_SUSPICIOUS_MOVE = YES;
				CLANG_WARN_UNGUARDED_AVAILABILITY = YES_AGGRESSIVE;
				CLANG_WARN_UNREACHABLE_CODE = YES;
				CLANG_WARN__DUPLICATE_METHOD_MATCH = YES;
				COPY_PHASE_STRIP = NO;
				DEBUG_INFORMATION_FORMAT = dwarf;
				ENABLE_STRICT_OBJC_MSGSEND = YES;
				ENABLE_TESTABILITY = YES;
				GCC_C_LANGUAGE_STANDARD = gnu11;
				GCC_DYNAMIC_NO_PIC = NO;
				GCC_NO_COMMON_BLOCKS = YES;
				GCC_OPTIMIZATION_LEVEL = 0;
				GCC_PREPROCESSOR_DEFINITIONS = (
					"DEBUG=1",
					"$(inherited)",
				);
				GCC_WARN_64_TO_32_BIT_CONVERSION = YES;
				GCC_WARN_ABOUT_RETURN_TYPE = YES_ERROR;
				GCC_WARN_UNDECLARED_SELECTOR = YES;
				GCC_WARN_UNINITIALIZED_AUTOS = YES_AGGRESSIVE;
				GCC_WARN_UNUSED_FUNCTION = YES;
				GCC_WARN_UNUSED_VARIABLE = YES;
				IPHONEOS_DEPLOYMENT_TARGET = 13.2;
				MTL_ENABLE_DEBUG_INFO = INCLUDE_SOURCE;
				MTL_FAST_MATH = YES;
				ONLY_ACTIVE_ARCH = YES;
				SDKROOT = iphoneos;
				SWIFT_ACTIVE_COMPILATION_CONDITIONS = DEBUG;
				SWIFT_OPTIMIZATION_LEVEL = "-Onone";
			};
			name = Debug;
		};
		9B293346237F2252009FF16D /* Release */ = {
			isa = XCBuildConfiguration;
			buildSettings = {
				ALWAYS_SEARCH_USER_PATHS = NO;
				CLANG_ANALYZER_NONNULL = YES;
				CLANG_ANALYZER_NUMBER_OBJECT_CONVERSION = YES_AGGRESSIVE;
				CLANG_CXX_LANGUAGE_STANDARD = "gnu++14";
				CLANG_CXX_LIBRARY = "libc++";
				CLANG_ENABLE_MODULES = YES;
				CLANG_ENABLE_OBJC_ARC = YES;
				CLANG_ENABLE_OBJC_WEAK = YES;
				CLANG_WARN_BLOCK_CAPTURE_AUTORELEASING = YES;
				CLANG_WARN_BOOL_CONVERSION = YES;
				CLANG_WARN_COMMA = YES;
				CLANG_WARN_CONSTANT_CONVERSION = YES;
				CLANG_WARN_DEPRECATED_OBJC_IMPLEMENTATIONS = YES;
				CLANG_WARN_DIRECT_OBJC_ISA_USAGE = YES_ERROR;
				CLANG_WARN_DOCUMENTATION_COMMENTS = YES;
				CLANG_WARN_EMPTY_BODY = YES;
				CLANG_WARN_ENUM_CONVERSION = YES;
				CLANG_WARN_INFINITE_RECURSION = YES;
				CLANG_WARN_INT_CONVERSION = YES;
				CLANG_WARN_NON_LITERAL_NULL_CONVERSION = YES;
				CLANG_WARN_OBJC_IMPLICIT_RETAIN_SELF = YES;
				CLANG_WARN_OBJC_LITERAL_CONVERSION = YES;
				CLANG_WARN_OBJC_ROOT_CLASS = YES_ERROR;
				CLANG_WARN_RANGE_LOOP_ANALYSIS = YES;
				CLANG_WARN_STRICT_PROTOTYPES = YES;
				CLANG_WARN_SUSPICIOUS_MOVE = YES;
				CLANG_WARN_UNGUARDED_AVAILABILITY = YES_AGGRESSIVE;
				CLANG_WARN_UNREACHABLE_CODE = YES;
				CLANG_WARN__DUPLICATE_METHOD_MATCH = YES;
				COPY_PHASE_STRIP = NO;
				DEBUG_INFORMATION_FORMAT = "dwarf-with-dsym";
				ENABLE_NS_ASSERTIONS = NO;
				ENABLE_STRICT_OBJC_MSGSEND = YES;
				GCC_C_LANGUAGE_STANDARD = gnu11;
				GCC_NO_COMMON_BLOCKS = YES;
				GCC_WARN_64_TO_32_BIT_CONVERSION = YES;
				GCC_WARN_ABOUT_RETURN_TYPE = YES_ERROR;
				GCC_WARN_UNDECLARED_SELECTOR = YES;
				GCC_WARN_UNINITIALIZED_AUTOS = YES_AGGRESSIVE;
				GCC_WARN_UNUSED_FUNCTION = YES;
				GCC_WARN_UNUSED_VARIABLE = YES;
				IPHONEOS_DEPLOYMENT_TARGET = 13.2;
				MTL_ENABLE_DEBUG_INFO = NO;
				MTL_FAST_MATH = YES;
				SDKROOT = iphoneos;
				SWIFT_COMPILATION_MODE = wholemodule;
				SWIFT_OPTIMIZATION_LEVEL = "-O";
				VALIDATE_PRODUCT = YES;
			};
			name = Release;
		};
		9B293348237F2252009FF16D /* Debug */ = {
			isa = XCBuildConfiguration;
			buildSettings = {
				ASSETCATALOG_COMPILER_APPICON_NAME = AppIcon;
				CODE_SIGN_STYLE = Automatic;
				INFOPLIST_FILE = AmanGpa/Info.plist;
				LD_RUNPATH_SEARCH_PATHS = (
					"$(inherited)",
					"@executable_path/Frameworks",
				);
				PRODUCT_BUNDLE_IDENTIFIER = CestarCollege.AmanGpa;
				PRODUCT_NAME = "$(TARGET_NAME)";
				SWIFT_VERSION = 5.0;
				TARGETED_DEVICE_FAMILY = "1,2";
			};
			name = Debug;
		};
		9B293349237F2252009FF16D /* Release */ = {
			isa = XCBuildConfiguration;
			buildSettings = {
				ASSETCATALOG_COMPILER_APPICON_NAME = AppIcon;
				CODE_SIGN_STYLE = Automatic;
				INFOPLIST_FILE = AmanGpa/Info.plist;
				LD_RUNPATH_SEARCH_PATHS = (
					"$(inherited)",
					"@executable_path/Frameworks",
				);
				PRODUCT_BUNDLE_IDENTIFIER = CestarCollege.AmanGpa;
				PRODUCT_NAME = "$(TARGET_NAME)";
				SWIFT_VERSION = 5.0;
				TARGETED_DEVICE_FAMILY = "1,2";
			};
			name = Release;
		};
/* End XCBuildConfiguration section */

/* Begin XCConfigurationList section */
		9B29332E237F2252009FF16D /* Build configuration list for PBXProject "AmanGpa" */ = {
			isa = XCConfigurationList;
			buildConfigurations = (
				9B293345237F2252009FF16D /* Debug */,
				9B293346237F2252009FF16D /* Release */,
			);
			defaultConfigurationIsVisible = 0;
			defaultConfigurationName = Release;
		};
		9B293347237F2252009FF16D /* Build configuration list for PBXNativeTarget "AmanGpa" */ = {
			isa = XCConfigurationList;
			buildConfigurations = (
				9B293348237F2252009FF16D /* Debug */,
				9B293349237F2252009FF16D /* Release */,
			);
			defaultConfigurationIsVisible = 0;
			defaultConfigurationName = Release;
		};
/* End XCConfigurationList section */
	};
	rootObject = 9B29332B237F2252009FF16D /* Project object */;
}
